
Microsoft Visual Studio Solution File, Format Version 12.00
# Visual Studio 15
VisualStudioVersion = 15.0.28307.1022
MinimumVisualStudioVersion = 10.0.40219.1
Project("{FAE04EC0-301F-11D3-BF4B-00C04F79EFBC}") = "Pract2", "Pract2\Pract2.csproj", "{8378892F-0168-4B80-B99E-E4206F9C97C2}"
EndProject
Global
	GlobalSection(SolutionConfigurationPlatforms) = preSolution
		Debug|Any CPU = Debug|Any CPU
		Release|Any CPU = Release|Any CPU
	EndGlobalSection
	GlobalSection(ProjectConfigurationPlatforms) = postSolution
		{8378892F-0168-4B80-B99E-E4206F9C97C2}.Debug|Any CPU.ActiveCfg = Debug|Any CPU
		{8378892F-0168-4B80-B99E-E4206F9C97C2}.Debug|Any CPU.Build.0 = Debug|Any CPU
		{8378892F-0168-4B80-B99E-E4206F9C97C2}.Release|Any CPU.ActiveCfg = Release|Any CPU
		{8378892F-0168-4B80-B99E-E4206F9C97C2}.Release|Any CPU.Build.0 = Release|Any CPU
	EndGlobalSection
	GlobalSection(SolutionProperties) = preSolution
		HideSolutionNode = FALSE
	EndGlobalSection
	GlobalSection(ExtensibilityGlobals) = postSolution
		SolutionGuid = {B4277DEF-C815-4D40-BAB5-AB75AC04492C}
	EndGlobalSection
EndGlobal
